
Microsoft Visual Studio Solution File, Format Version 12.00
# Visual Studio Version 17
VisualStudioVersion = 17.0.31903.59
MinimumVisualStudioVersion = 10.0.40219.1
Project("{FAE04EC0-301F-11D3-BF4B-00C04F79EFBC}") = "IdentityServer", "IdentityServer\IdentityServer.csproj", "{8820F375-69B3-413C-9CCA-32A32B362119}"
EndProject
Project("{FAE04EC0-301F-11D3-BF4B-00C04F79EFBC}") = "Api", "Api\Api.csproj", "{48C01CC0-FAAB-4F52-AA18-380C2662BE13}"
EndProject
Project("{FAE04EC0-301F-11D3-BF4B-00C04F79EFBC}") = "Client", "Client\Client.csproj", "{6DCB57CC-F88E-453E-9739-0AD92A0A03A9}"
EndProject
Global
	GlobalSection(SolutionConfigurationPlatforms) = preSolution
		Debug|Any CPU = Debug|Any CPU
		Release|Any CPU = Release|Any CPU
	EndGlobalSection
	GlobalSection(SolutionProperties) = preSolution
		HideSolutionNode = FALSE
	EndGlobalSection
	GlobalSection(ProjectConfigurationPlatforms) = postSolution
		{8820F375-69B3-413C-9CCA-32A32B362119}.Debug|Any CPU.ActiveCfg = Debug|Any CPU
		{8820F375-69B3-413C-9CCA-32A32B362119}.Debug|Any CPU.Build.0 = Debug|Any CPU
		{8820F375-69B3-413C-9CCA-32A32B362119}.Release|Any CPU.ActiveCfg = Release|Any CPU
		{8820F375-69B3-413C-9CCA-32A32B362119}.Release|Any CPU.Build.0 = Release|Any CPU
		{48C01CC0-FAAB-4F52-AA18-380C2662BE13}.Debug|Any CPU.ActiveCfg = Debug|Any CPU
		{48C01CC0-FAAB-4F52-AA18-380C2662BE13}.Debug|Any CPU.Build.0 = Debug|Any CPU
		{48C01CC0-FAAB-4F52-AA18-380C2662BE13}.Release|Any CPU.ActiveCfg = Release|Any CPU
		{48C01CC0-FAAB-4F52-AA18-380C2662BE13}.Release|Any CPU.Build.0 = Release|Any CPU
		{6DCB57CC-F88E-453E-9739-0AD92A0A03A9}.Debug|Any CPU.ActiveCfg = Debug|Any CPU
		{6DCB57CC-F88E-453E-9739-0AD92A0A03A9}.Debug|Any CPU.Build.0 = Debug|Any CPU
		{6DCB57CC-F88E-453E-9739-0AD92A0A03A9}.Release|Any CPU.ActiveCfg = Release|Any CPU
		{6DCB57CC-F88E-453E-9739-0AD92A0A03A9}.Release|Any CPU.Build.0 = Release|Any CPU
	EndGlobalSection
EndGlobal
